# This file is automatically @generated by Cargo.
# It is not intended for manual editing.
[[package]]
name = "gif-displayer"
version = "0.1.0"
dependencies = [
 "lzw",
]

[[package]]
name = "lzw"
version = "0.10.0"
source = "registry+https://github.com/rust-lang/crates.io-index"
checksum = "7d947cbb889ed21c2a84be6ffbaebf5b4e0f4340638cba0444907e38b56be084"
